github.com/golang/glog v0.0.0-20160126235308-23def4e6c14b h1:VKtxabqXZkF25pY9ekfRL6a582T4P37/31XEstQ5p58=
github.com/golang/glog v0.0.0-20160126235308-23def4e6c14b/go.mod h1:SBH7ygxi8pfUlaOkMMuAQtPIUF8ecWP5IEl/CR7VP2Q=
github.com/livepeer/m3u8 v0.6.1 h1:vPOFZDnQIaNrNkYi0CVblg5HADuv7p/jTeI9SwWcw1s=
github.com/livepeer/m3u8 v0.6.1/go.mod h1:l5UHxkeM4sE9xJhBdYs/WuUEdkoclOowGShhK7h3lBs=
github.com/nareix/joy4 v0.0.0-20181022032202-3ddbc8f9d431 h1:nWhrOsCKdV6bivw03k7MROF2tYzCFGfYBYFrTEHyucs=
github.com/nareix/joy4 v0.0.0-20181022032202-3ddbc8f9d431/go.mod h1:aFJ1ZwLjvHN4yEzE5Bkz8rD8/d8Vlj3UIuvz2yfET7I=
